uuid: 11dee51f-2b1c-4860-a57c-c87debce97f4
langcode: en
status: false
dependencies:
  module:
    - system
    - twitter_block
  theme:
    - camp
id: twitterblock
theme: camp
region: content
weight: -5
provider: null
plugin: twitter_block
settings:
  id: twitter_block
  label: 'Twitter block'
  label_display: visible
  provider: twitter_block
  username: drupalcamppune
  theme: ''
  link_color: ''
  width: ''
  height: '685'
  chrome:
    noheader: '0'
    nofooter: '0'
    noborders: '0'
    noscrollbar: '0'
    transparent: '0'
  border_color: ''
  language: ''
  tweet_limit: ''
  dnt: false
  related: ''
  polite: polite
visibility:
  request_path:
    id: request_path
    negate: false
    pages: '<front>'
